
Microsoft Visual Studio Solution File, Format Version 12.00
# Visual Studio Version 17
VisualStudioVersion = 17.14.36429.23
MinimumVisualStudioVersion = 10.0.40219.1
Project("{2150E333-8FDC-42A3-9474-1A3956D46DE8}") = "Task0", "Task0", "{02EA681E-C7D8-13C7-8484-4AC65E1B71E8}"
EndProject
Project("{FAE04EC0-301F-11D3-BF4B-00C04F79EFBC}") = "Tyuiu.ShaykhelislamovaDA.Sprint1.Task0.V28", "Tyuiu.ShaykhelislamovaDA.Sprint1.Task0.V28\Tyuiu.ShaykhelislamovaDA.Sprint1.Task0.V28.csproj", "{F7870814-2C7E-4D0E-A044-75BC3E879C33}"
EndProject
Project("{FAE04EC0-301F-11D3-BF4B-00C04F79EFBC}") = "Tyuiu.ShaykhelislamovaDA.Sprint1.Task0.V28.Lib", "Tyuiu.ShaykhelislamovaDA.Sprint1.Task0.V28.Lib\Tyuiu.ShaykhelislamovaDA.Sprint1.Task0.V28.Lib.csproj", "{010BD4DD-D9CA-4BEA-8A3D-5A57B0324B0A}"
EndProject
Project("{FAE04EC0-301F-11D3-BF4B-00C04F79EFBC}") = "Tyuiu.ShaykhelislamovaDA.Sprint1.Task0.V28.Test", "Tyuiu.ShaykhelislamovaDA.Sprint1.Task0.V28.Test\Tyuiu.ShaykhelislamovaDA.Sprint1.Task0.V28.Test.csproj", "{6FCAFA73-6A05-4D2B-9175-1AD3BFFC9A4B}"
EndProject
Global
	GlobalSection(SolutionConfigurationPlatforms) = preSolution
		Debug|Any CPU = Debug|Any CPU
		Release|Any CPU = Release|Any CPU
	EndGlobalSection
	GlobalSection(ProjectConfigurationPlatforms) = postSolution
		{F7870814-2C7E-4D0E-A044-75BC3E879C33}.Debug|Any CPU.ActiveCfg = Debug|Any CPU
		{F7870814-2C7E-4D0E-A044-75BC3E879C33}.Debug|Any CPU.Build.0 = Debug|Any CPU
		{F7870814-2C7E-4D0E-A044-75BC3E879C33}.Release|Any CPU.ActiveCfg = Release|Any CPU
		{F7870814-2C7E-4D0E-A044-75BC3E879C33}.Release|Any CPU.Build.0 = Release|Any CPU
		{010BD4DD-D9CA-4BEA-8A3D-5A57B0324B0A}.Debug|Any CPU.ActiveCfg = Debug|Any CPU
		{010BD4DD-D9CA-4BEA-8A3D-5A57B0324B0A}.Debug|Any CPU.Build.0 = Debug|Any CPU
		{010BD4DD-D9CA-4BEA-8A3D-5A57B0324B0A}.Release|Any CPU.ActiveCfg = Release|Any CPU
		{010BD4DD-D9CA-4BEA-8A3D-5A57B0324B0A}.Release|Any CPU.Build.0 = Release|Any CPU
		{6FCAFA73-6A05-4D2B-9175-1AD3BFFC9A4B}.Debug|Any CPU.ActiveCfg = Debug|Any CPU
		{6FCAFA73-6A05-4D2B-9175-1AD3BFFC9A4B}.Debug|Any CPU.Build.0 = Debug|Any CPU
		{6FCAFA73-6A05-4D2B-9175-1AD3BFFC9A4B}.Release|Any CPU.ActiveCfg = Release|Any CPU
		{6FCAFA73-6A05-4D2B-9175-1AD3BFFC9A4B}.Release|Any CPU.Build.0 = Release|Any CPU
	EndGlobalSection
	GlobalSection(SolutionProperties) = preSolution
		HideSolutionNode = FALSE
	EndGlobalSection
	GlobalSection(NestedProjects) = preSolution
		{F7870814-2C7E-4D0E-A044-75BC3E879C33} = {02EA681E-C7D8-13C7-8484-4AC65E1B71E8}
		{010BD4DD-D9CA-4BEA-8A3D-5A57B0324B0A} = {02EA681E-C7D8-13C7-8484-4AC65E1B71E8}
		{6FCAFA73-6A05-4D2B-9175-1AD3BFFC9A4B} = {02EA681E-C7D8-13C7-8484-4AC65E1B71E8}
	EndGlobalSection
	GlobalSection(ExtensibilityGlobals) = postSolution
		SolutionGuid = {CB56101C-E1E6-4454-9B90-C77B3B7F3FA4}
	EndGlobalSection
EndGlobal
