
Microsoft Visual Studio Solution File, Format Version 12.00
# Visual Studio Version 17
VisualStudioVersion = 17.14.36429.23
MinimumVisualStudioVersion = 10.0.40219.1
Project("{2150E333-8FDC-42A3-9474-1A3956D46DE8}") = "Task0", "Task0", "{02EA681E-C7D8-13C7-8484-4AC65E1B71E8}"
EndProject
Project("{FAE04EC0-301F-11D3-BF4B-00C04F79EFBC}") = "Tyuiu.ShaykhelislamovaDA.Sprint1.Task0.V28", "Tyuiu.ShaykhelislamovaDA.Sprint1.Task0.V28\Tyuiu.ShaykhelislamovaDA.Sprint1.Task0.V28.csproj", "{94F99856-C4CE-4610-ABBB-4C4BE0C342A5}"
EndProject
Project("{FAE04EC0-301F-11D3-BF4B-00C04F79EFBC}") = "Tyuiu.ShaykhelislamovaDA.Sprint1.Task0.V28.Test", "Tyuiu.ShaykhelislamovaDA.Sprint1.Task0.V28.Test\Tyuiu.ShaykhelislamovaDA.Sprint1.Task0.V28.Test.csproj", "{A83681A1-1125-413E-A3CF-4C2619DDF923}"
EndProject
Project("{FAE04EC0-301F-11D3-BF4B-00C04F79EFBC}") = "Tyuiu.ShaykhelislamovaDA.Sprint1.Task0.V28.Lib", "Tyuiu.ShaykhelislamovaDA.Sprint1.Task0.V28.Lib\Tyuiu.ShaykhelislamovaDA.Sprint1.Task0.V28.Lib.csproj", "{AF9D64B6-17D5-4D20-B68E-F57B1E4D5EB0}"
EndProject
Project("{2150E333-8FDC-42A3-9474-1A3956D46DE8}") = "Task1", "Task1", "{C5B38D9B-3B08-473F-90E6-1EC7AB0FA826}"
EndProject
Project("{FAE04EC0-301F-11D3-BF4B-00C04F79EFBC}") = "Tyuiu.ShaykhelislamovaDA.Sprint1.Task1.V20.Test", "Tyuiu.ShaykhelislamovaDA.Sprint1.Task1.V20.Test\Tyuiu.ShaykhelislamovaDA.Sprint1.Task1.V20.Test.csproj", "{4478498F-E9A2-4A64-BF6B-9B5CB7F655AB}"
EndProject
Project("{FAE04EC0-301F-11D3-BF4B-00C04F79EFBC}") = "Tyuiu.ShaykhelislamovaDA.Sprint1.Task1.V20.Lib", "Tyuiu.ShaykhelislamovaDA.Sprint1.Task1.V20.Lib\Tyuiu.ShaykhelislamovaDA.Sprint1.Task1.V20.Lib.csproj", "{575C4412-4C70-45F3-B088-89E03DE8C5F5}"
EndProject
Project("{FAE04EC0-301F-11D3-BF4B-00C04F79EFBC}") = "Tyuiu.ShaykhelislamovaDA.Sprint1.Task1.V20", "Tyuiu.ShaykhelislamovaDA.Sprint1.Task1.V20\Tyuiu.ShaykhelislamovaDA.Sprint1.Task1.V20.csproj", "{A5D0F734-1DC9-487B-8E4A-3A20B8B91857}"
EndProject
Project("{2150E333-8FDC-42A3-9474-1A3956D46DE8}") = "Task2", "Task2", "{081AB7E7-BCD4-4119-9BA7-21E5636F8C01}"
EndProject
Project("{FAE04EC0-301F-11D3-BF4B-00C04F79EFBC}") = "Tyuiu.ShaykhelislamovaDA.Sprint1.Task2.V7.Test", "Tyuiu.ShaykhelislamovaDA.Sprint1.Task2.V7.Test\Tyuiu.ShaykhelislamovaDA.Sprint1.Task2.V7.Test.csproj", "{06520C21-2D68-4F2E-AA11-DDF7D2829356}"
EndProject
Project("{FAE04EC0-301F-11D3-BF4B-00C04F79EFBC}") = "Tyuiu.ShaykhelislamovaDA.Sprint1.Task2.V7.Lib", "Tyuiu.ShaykhelislamovaDA.Sprint1.Task2.V7.Lib\Tyuiu.ShaykhelislamovaDA.Sprint1.Task2.V7.Lib.csproj", "{E50D3A2E-9BB8-4EED-BCAC-51B276349FBF}"
EndProject
Project("{FAE04EC0-301F-11D3-BF4B-00C04F79EFBC}") = "Tyuiu.ShaykhelislamovaDA.Sprint1.Task2.V7", "Tyuiu.ShaykhelislamovaDA.Sprint1.Task2.V7\Tyuiu.ShaykhelislamovaDA.Sprint1.Task2.V7.csproj", "{75798A06-2525-4FA9-9436-26AAA4A3526F}"
EndProject
Project("{2150E333-8FDC-42A3-9474-1A3956D46DE8}") = "Task3", "Task3", "{F1CAA4A4-0D03-4CD1-B507-5FEA4BA0FE98}"
EndProject
Project("{FAE04EC0-301F-11D3-BF4B-00C04F79EFBC}") = "Tyuiu.ShaykhelislamovaDA.Sprint1.Task3.V4.Test", "Tyuiu.ShaykhelislamovaDA.Sprint1.Task3.V4.Test\Tyuiu.ShaykhelislamovaDA.Sprint1.Task3.V4.Test.csproj", "{D44FF3C5-510D-4665-A010-7A2E0D54F228}"
EndProject
Project("{FAE04EC0-301F-11D3-BF4B-00C04F79EFBC}") = "Tyuiu.ShaykhelislamovaDA.Sprint1.Task3.V4.Lib", "Tyuiu.ShaykhelislamovaDA.Sprint1.Task3.V4.Lib\Tyuiu.ShaykhelislamovaDA.Sprint1.Task3.V4.Lib.csproj", "{B26BAB6E-E8F3-42CA-B25B-5F4CEF6DAF29}"
EndProject
Project("{FAE04EC0-301F-11D3-BF4B-00C04F79EFBC}") = "Tyuiu.ShaykhelislamovaDA.Sprint1.Task3.V4", "Tyuiu.ShaykhelislamovaDA.Sprint1.Task3.V4\Tyuiu.ShaykhelislamovaDA.Sprint1.Task3.V4.csproj", "{6AB61FF7-41B0-4D3B-BFB8-E7368C510F28}"
EndProject
Project("{2150E333-8FDC-42A3-9474-1A3956D46DE8}") = "Task4", "Task4", "{824707F8-3B63-490C-A736-64C320C898CA}"
EndProject
Project("{FAE04EC0-301F-11D3-BF4B-00C04F79EFBC}") = "Tyuiu.ShaykhelislamovaDA.Sprint1.Task4.V25.Test", "Tyuiu.ShaykhelislamovaDA.Sprint1.Task4.V25.Test\Tyuiu.ShaykhelislamovaDA.Sprint1.Task4.V25.Test.csproj", "{C31799C3-8653-4366-8C52-8F625226EFCD}"
EndProject
Project("{FAE04EC0-301F-11D3-BF4B-00C04F79EFBC}") = "Tyuiu.ShaykhelislamovaDA.Sprint1.Task4.V25.Lib", "Tyuiu.ShaykhelislamovaDA.Sprint1.Task4.V25.Lib\Tyuiu.ShaykhelislamovaDA.Sprint1.Task4.V25.Lib.csproj", "{1DBE8B25-744F-4D3F-AAC1-35B6825517A1}"
EndProject
Project("{FAE04EC0-301F-11D3-BF4B-00C04F79EFBC}") = "Tyuiu.ShaykhelislamovaDA.Sprint1.Task4.V25", "Tyuiu.ShaykhelislamovaDA.Sprint1.Task4.V25\Tyuiu.ShaykhelislamovaDA.Sprint1.Task4.V25.csproj", "{7E51EF75-D212-411B-87E1-846767AD0A2B}"
EndProject
Project("{2150E333-8FDC-42A3-9474-1A3956D46DE8}") = "Task5", "Task5", "{BC3AD0B7-9F1D-4191-8A49-B193E045BC05}"
EndProject
Project("{FAE04EC0-301F-11D3-BF4B-00C04F79EFBC}") = "Tyuiu.ShaykhelislamovaDA.Sprint1.Task5.V1.Test", "Tyuiu.ShaykhelislamovaDA.Sprint1.Task5.V1.Test\Tyuiu.ShaykhelislamovaDA.Sprint1.Task5.V1.Test.csproj", "{7889091D-F4AB-48B0-AC91-162596495C2F}"
EndProject
Project("{FAE04EC0-301F-11D3-BF4B-00C04F79EFBC}") = "Tyuiu.ShaykhelislamovaDA.Sprint1.Task5.V1.Lib", "Tyuiu.ShaykhelislamovaDA.Sprint1.Task5.V1.Lib\Tyuiu.ShaykhelislamovaDA.Sprint1.Task5.V1.Lib.csproj", "{432A4293-D5A7-492F-852B-3098A24515EB}"
EndProject
Project("{FAE04EC0-301F-11D3-BF4B-00C04F79EFBC}") = "Tyuiu.ShaykhelislamovaDA.Sprint1.Task5.V1", "Tyuiu.ShaykhelislamovaDA.Sprint1.Task5.V1\Tyuiu.ShaykhelislamovaDA.Sprint1.Task5.V1.csproj", "{F55ED455-8964-4FD7-9E16-A2F729ED4E8B}"
EndProject
Project("{2150E333-8FDC-42A3-9474-1A3956D46DE8}") = "Task6", "Task6", "{EF894DE0-34EA-470B-AB82-10D88DE76EB4}"
EndProject
Project("{FAE04EC0-301F-11D3-BF4B-00C04F79EFBC}") = "Tyuiu.ShaykhelislamovaDA.Sprint1.Task6.V2.Test", "Tyuiu.ShaykhelislamovaDA.Sprint1.Task6.V2.Test\Tyuiu.ShaykhelislamovaDA.Sprint1.Task6.V2.Test.csproj", "{5F609B24-EA65-4D27-A4F3-606A89938106}"
EndProject
Project("{FAE04EC0-301F-11D3-BF4B-00C04F79EFBC}") = "Tyuiu.ShaykhelislamovaDA.Sprint1.Task6.V2.Lib", "Tyuiu.ShaykhelislamovaDA.Sprint1.Task6.V2.Lib\Tyuiu.ShaykhelislamovaDA.Sprint1.Task6.V2.Lib.csproj", "{A3609182-4E67-4199-8720-06A09B0575C2}"
EndProject
Project("{FAE04EC0-301F-11D3-BF4B-00C04F79EFBC}") = "Tyuiu.ShaykhelislamovaDA.Sprint1.Task6.V2", "Tyuiu.ShaykhelislamovaDA.Sprint1.Task6.V2\Tyuiu.ShaykhelislamovaDA.Sprint1.Task6.V2.csproj", "{AC737B50-3703-4197-A1A4-0C9C9E21AD33}"
EndProject
Project("{2150E333-8FDC-42A3-9474-1A3956D46DE8}") = "Task7", "Task7", "{2AC51810-CC43-4096-B76A-7D7FFF73DA72}"
EndProject
Project("{FAE04EC0-301F-11D3-BF4B-00C04F79EFBC}") = "Tyuiu.ShaykhelislamovaDA.Sprint1.Task7.V9.Test", "Tyuiu.ShaykhelislamovaDA.Sprint1.Task7.V9.Test\Tyuiu.ShaykhelislamovaDA.Sprint1.Task7.V9.Test.csproj", "{484A2147-C4D4-4D3D-B32F-51CA1A352900}"
EndProject
Project("{FAE04EC0-301F-11D3-BF4B-00C04F79EFBC}") = "Tyuiu.ShaykhelislamovaDA.Sprint1.Task7.V9.Lib", "Tyuiu.ShaykhelislamovaDA.Sprint1.Task7.V9.Lib\Tyuiu.ShaykhelislamovaDA.Sprint1.Task7.V9.Lib.csproj", "{5686A77D-42D5-4B26-B50B-2847195B63A6}"
EndProject
Project("{FAE04EC0-301F-11D3-BF4B-00C04F79EFBC}") = "Tyuiu.ShaykhelislamovaDA.Sprint1.Task7.V9", "Tyuiu.ShaykhelislamovaDA.Sprint1.Task7.V9\Tyuiu.ShaykhelislamovaDA.Sprint1.Task7.V9.csproj", "{0D2B772A-1149-458B-B09E-C0209D8F156D}"
EndProject
Global
	GlobalSection(SolutionConfigurationPlatforms) = preSolution
		Debug|Any CPU = Debug|Any CPU
		Release|Any CPU = Release|Any CPU
	EndGlobalSection
	GlobalSection(ProjectConfigurationPlatforms) = postSolution
		{94F99856-C4CE-4610-ABBB-4C4BE0C342A5}.Debug|Any CPU.ActiveCfg = Debug|Any CPU
		{94F99856-C4CE-4610-ABBB-4C4BE0C342A5}.Debug|Any CPU.Build.0 = Debug|Any CPU
		{94F99856-C4CE-4610-ABBB-4C4BE0C342A5}.Release|Any CPU.ActiveCfg = Release|Any CPU
		{94F99856-C4CE-4610-ABBB-4C4BE0C342A5}.Release|Any CPU.Build.0 = Release|Any CPU
		{A83681A1-1125-413E-A3CF-4C2619DDF923}.Debug|Any CPU.ActiveCfg = Debug|Any CPU
		{A83681A1-1125-413E-A3CF-4C2619DDF923}.Debug|Any CPU.Build.0 = Debug|Any CPU
		{A83681A1-1125-413E-A3CF-4C2619DDF923}.Release|Any CPU.ActiveCfg = Release|Any CPU
		{A83681A1-1125-413E-A3CF-4C2619DDF923}.Release|Any CPU.Build.0 = Release|Any CPU
		{AF9D64B6-17D5-4D20-B68E-F57B1E4D5EB0}.Debug|Any CPU.ActiveCfg = Debug|Any CPU
		{AF9D64B6-17D5-4D20-B68E-F57B1E4D5EB0}.Debug|Any CPU.Build.0 = Debug|Any CPU
		{AF9D64B6-17D5-4D20-B68E-F57B1E4D5EB0}.Release|Any CPU.ActiveCfg = Release|Any CPU
		{AF9D64B6-17D5-4D20-B68E-F57B1E4D5EB0}.Release|Any CPU.Build.0 = Release|Any CPU
		{4478498F-E9A2-4A64-BF6B-9B5CB7F655AB}.Debug|Any CPU.ActiveCfg = Debug|Any CPU
		{4478498F-E9A2-4A64-BF6B-9B5CB7F655AB}.Debug|Any CPU.Build.0 = Debug|Any CPU
		{4478498F-E9A2-4A64-BF6B-9B5CB7F655AB}.Release|Any CPU.ActiveCfg = Release|Any CPU
		{4478498F-E9A2-4A64-BF6B-9B5CB7F655AB}.Release|Any CPU.Build.0 = Release|Any CPU
		{575C4412-4C70-45F3-B088-89E03DE8C5F5}.Debug|Any CPU.ActiveCfg = Debug|Any CPU
		{575C4412-4C70-45F3-B088-89E03DE8C5F5}.Debug|Any CPU.Build.0 = Debug|Any CPU
		{575C4412-4C70-45F3-B088-89E03DE8C5F5}.Release|Any CPU.ActiveCfg = Release|Any CPU
		{575C4412-4C70-45F3-B088-89E03DE8C5F5}.Release|Any CPU.Build.0 = Release|Any CPU
		{A5D0F734-1DC9-487B-8E4A-3A20B8B91857}.Debug|Any CPU.ActiveCfg = Debug|Any CPU
		{A5D0F734-1DC9-487B-8E4A-3A20B8B91857}.Debug|Any CPU.Build.0 = Debug|Any CPU
		{A5D0F734-1DC9-487B-8E4A-3A20B8B91857}.Release|Any CPU.ActiveCfg = Release|Any CPU
		{A5D0F734-1DC9-487B-8E4A-3A20B8B91857}.Release|Any CPU.Build.0 = Release|Any CPU
		{06520C21-2D68-4F2E-AA11-DDF7D2829356}.Debug|Any CPU.ActiveCfg = Debug|Any CPU
		{06520C21-2D68-4F2E-AA11-DDF7D2829356}.Debug|Any CPU.Build.0 = Debug|Any CPU
		{06520C21-2D68-4F2E-AA11-DDF7D2829356}.Release|Any CPU.ActiveCfg = Release|Any CPU
		{06520C21-2D68-4F2E-AA11-DDF7D2829356}.Release|Any CPU.Build.0 = Release|Any CPU
		{E50D3A2E-9BB8-4EED-BCAC-51B276349FBF}.Debug|Any CPU.ActiveCfg = Debug|Any CPU
		{E50D3A2E-9BB8-4EED-BCAC-51B276349FBF}.Debug|Any CPU.Build.0 = Debug|Any CPU
		{E50D3A2E-9BB8-4EED-BCAC-51B276349FBF}.Release|Any CPU.ActiveCfg = Release|Any CPU
		{E50D3A2E-9BB8-4EED-BCAC-51B276349FBF}.Release|Any CPU.Build.0 = Release|Any CPU
		{75798A06-2525-4FA9-9436-26AAA4A3526F}.Debug|Any CPU.ActiveCfg = Debug|Any CPU
		{75798A06-2525-4FA9-9436-26AAA4A3526F}.Debug|Any CPU.Build.0 = Debug|Any CPU
		{75798A06-2525-4FA9-9436-26AAA4A3526F}.Release|Any CPU.ActiveCfg = Release|Any CPU
		{75798A06-2525-4FA9-9436-26AAA4A3526F}.Release|Any CPU.Build.0 = Release|Any CPU
		{D44FF3C5-510D-4665-A010-7A2E0D54F228}.Debug|Any CPU.ActiveCfg = Debug|Any CPU
		{D44FF3C5-510D-4665-A010-7A2E0D54F228}.Debug|Any CPU.Build.0 = Debug|Any CPU
		{D44FF3C5-510D-4665-A010-7A2E0D54F228}.Release|Any CPU.ActiveCfg = Release|Any CPU
		{D44FF3C5-510D-4665-A010-7A2E0D54F228}.Release|Any CPU.Build.0 = Release|Any CPU
		{B26BAB6E-E8F3-42CA-B25B-5F4CEF6DAF29}.Debug|Any CPU.ActiveCfg = Debug|Any CPU
		{B26BAB6E-E8F3-42CA-B25B-5F4CEF6DAF29}.Debug|Any CPU.Build.0 = Debug|Any CPU
		{B26BAB6E-E8F3-42CA-B25B-5F4CEF6DAF29}.Release|Any CPU.ActiveCfg = Release|Any CPU
		{B26BAB6E-E8F3-42CA-B25B-5F4CEF6DAF29}.Release|Any CPU.Build.0 = Release|Any CPU
		{6AB61FF7-41B0-4D3B-BFB8-E7368C510F28}.Debug|Any CPU.ActiveCfg = Debug|Any CPU
		{6AB61FF7-41B0-4D3B-BFB8-E7368C510F28}.Debug|Any CPU.Build.0 = Debug|Any CPU
		{6AB61FF7-41B0-4D3B-BFB8-E7368C510F28}.Release|Any CPU.ActiveCfg = Release|Any CPU
		{6AB61FF7-41B0-4D3B-BFB8-E7368C510F28}.Release|Any CPU.Build.0 = Release|Any CPU
		{C31799C3-8653-4366-8C52-8F625226EFCD}.Debug|Any CPU.ActiveCfg = Debug|Any CPU
		{C31799C3-8653-4366-8C52-8F625226EFCD}.Debug|Any CPU.Build.0 = Debug|Any CPU
		{C31799C3-8653-4366-8C52-8F625226EFCD}.Release|Any CPU.ActiveCfg = Release|Any CPU
		{C31799C3-8653-4366-8C52-8F625226EFCD}.Release|Any CPU.Build.0 = Release|Any CPU
		{1DBE8B25-744F-4D3F-AAC1-35B6825517A1}.Debug|Any CPU.ActiveCfg = Debug|Any CPU
		{1DBE8B25-744F-4D3F-AAC1-35B6825517A1}.Debug|Any CPU.Build.0 = Debug|Any CPU
		{1DBE8B25-744F-4D3F-AAC1-35B6825517A1}.Release|Any CPU.ActiveCfg = Release|Any CPU
		{1DBE8B25-744F-4D3F-AAC1-35B6825517A1}.Release|Any CPU.Build.0 = Release|Any CPU
		{7E51EF75-D212-411B-87E1-846767AD0A2B}.Debug|Any CPU.ActiveCfg = Debug|Any CPU
		{7E51EF75-D212-411B-87E1-846767AD0A2B}.Debug|Any CPU.Build.0 = Debug|Any CPU
		{7E51EF75-D212-411B-87E1-846767AD0A2B}.Release|Any CPU.ActiveCfg = Release|Any CPU
		{7E51EF75-D212-411B-87E1-846767AD0A2B}.Release|Any CPU.Build.0 = Release|Any CPU
		{7889091D-F4AB-48B0-AC91-162596495C2F}.Debug|Any CPU.ActiveCfg = Debug|Any CPU
		{7889091D-F4AB-48B0-AC91-162596495C2F}.Debug|Any CPU.Build.0 = Debug|Any CPU
		{7889091D-F4AB-48B0-AC91-162596495C2F}.Release|Any CPU.ActiveCfg = Release|Any CPU
		{7889091D-F4AB-48B0-AC91-162596495C2F}.Release|Any CPU.Build.0 = Release|Any CPU
		{432A4293-D5A7-492F-852B-3098A24515EB}.Debug|Any CPU.ActiveCfg = Debug|Any CPU
		{432A4293-D5A7-492F-852B-3098A24515EB}.Debug|Any CPU.Build.0 = Debug|Any CPU
		{432A4293-D5A7-492F-852B-3098A24515EB}.Release|Any CPU.ActiveCfg = Release|Any CPU
		{432A4293-D5A7-492F-852B-3098A24515EB}.Release|Any CPU.Build.0 = Release|Any CPU
		{F55ED455-8964-4FD7-9E16-A2F729ED4E8B}.Debug|Any CPU.ActiveCfg = Debug|Any CPU
		{F55ED455-8964-4FD7-9E16-A2F729ED4E8B}.Debug|Any CPU.Build.0 = Debug|Any CPU
		{F55ED455-8964-4FD7-9E16-A2F729ED4E8B}.Release|Any CPU.ActiveCfg = Release|Any CPU
		{F55ED455-8964-4FD7-9E16-A2F729ED4E8B}.Release|Any CPU.Build.0 = Release|Any CPU
		{5F609B24-EA65-4D27-A4F3-606A89938106}.Debug|Any CPU.ActiveCfg = Debug|Any CPU
		{5F609B24-EA65-4D27-A4F3-606A89938106}.Debug|Any CPU.Build.0 = Debug|Any CPU
		{5F609B24-EA65-4D27-A4F3-606A89938106}.Release|Any CPU.ActiveCfg = Release|Any CPU
		{5F609B24-EA65-4D27-A4F3-606A89938106}.Release|Any CPU.Build.0 = Release|Any CPU
		{A3609182-4E67-4199-8720-06A09B0575C2}.Debug|Any CPU.ActiveCfg = Debug|Any CPU
		{A3609182-4E67-4199-8720-06A09B0575C2}.Debug|Any CPU.Build.0 = Debug|Any CPU
		{A3609182-4E67-4199-8720-06A09B0575C2}.Release|Any CPU.ActiveCfg = Release|Any CPU
		{A3609182-4E67-4199-8720-06A09B0575C2}.Release|Any CPU.Build.0 = Release|Any CPU
		{AC737B50-3703-4197-A1A4-0C9C9E21AD33}.Debug|Any CPU.ActiveCfg = Debug|Any CPU
		{AC737B50-3703-4197-A1A4-0C9C9E21AD33}.Debug|Any CPU.Build.0 = Debug|Any CPU
		{AC737B50-3703-4197-A1A4-0C9C9E21AD33}.Release|Any CPU.ActiveCfg = Release|Any CPU
		{AC737B50-3703-4197-A1A4-0C9C9E21AD33}.Release|Any CPU.Build.0 = Release|Any CPU
		{484A2147-C4D4-4D3D-B32F-51CA1A352900}.Debug|Any CPU.ActiveCfg = Debug|Any CPU
		{484A2147-C4D4-4D3D-B32F-51CA1A352900}.Debug|Any CPU.Build.0 = Debug|Any CPU
		{484A2147-C4D4-4D3D-B32F-51CA1A352900}.Release|Any CPU.ActiveCfg = Release|Any CPU
		{484A2147-C4D4-4D3D-B32F-51CA1A352900}.Release|Any CPU.Build.0 = Release|Any CPU
		{5686A77D-42D5-4B26-B50B-2847195B63A6}.Debug|Any CPU.ActiveCfg = Debug|Any CPU
		{5686A77D-42D5-4B26-B50B-2847195B63A6}.Debug|Any CPU.Build.0 = Debug|Any CPU
		{5686A77D-42D5-4B26-B50B-2847195B63A6}.Release|Any CPU.ActiveCfg = Release|Any CPU
		{5686A77D-42D5-4B26-B50B-2847195B63A6}.Release|Any CPU.Build.0 = Release|Any CPU
		{0D2B772A-1149-458B-B09E-C0209D8F156D}.Debug|Any CPU.ActiveCfg = Debug|Any CPU
		{0D2B772A-1149-458B-B09E-C0209D8F156D}.Debug|Any CPU.Build.0 = Debug|Any CPU
		{0D2B772A-1149-458B-B09E-C0209D8F156D}.Release|Any CPU.ActiveCfg = Release|Any CPU
		{0D2B772A-1149-458B-B09E-C0209D8F156D}.Release|Any CPU.Build.0 = Release|Any CPU
	EndGlobalSection
	GlobalSection(SolutionProperties) = preSolution
		HideSolutionNode = FALSE
	EndGlobalSection
	GlobalSection(NestedProjects) = preSolution
		{94F99856-C4CE-4610-ABBB-4C4BE0C342A5} = {02EA681E-C7D8-13C7-8484-4AC65E1B71E8}
		{A83681A1-1125-413E-A3CF-4C2619DDF923} = {02EA681E-C7D8-13C7-8484-4AC65E1B71E8}
		{AF9D64B6-17D5-4D20-B68E-F57B1E4D5EB0} = {02EA681E-C7D8-13C7-8484-4AC65E1B71E8}
		{4478498F-E9A2-4A64-BF6B-9B5CB7F655AB} = {C5B38D9B-3B08-473F-90E6-1EC7AB0FA826}
		{575C4412-4C70-45F3-B088-89E03DE8C5F5} = {C5B38D9B-3B08-473F-90E6-1EC7AB0FA826}
		{A5D0F734-1DC9-487B-8E4A-3A20B8B91857} = {C5B38D9B-3B08-473F-90E6-1EC7AB0FA826}
		{06520C21-2D68-4F2E-AA11-DDF7D2829356} = {081AB7E7-BCD4-4119-9BA7-21E5636F8C01}
		{E50D3A2E-9BB8-4EED-BCAC-51B276349FBF} = {081AB7E7-BCD4-4119-9BA7-21E5636F8C01}
		{75798A06-2525-4FA9-9436-26AAA4A3526F} = {081AB7E7-BCD4-4119-9BA7-21E5636F8C01}
		{D44FF3C5-510D-4665-A010-7A2E0D54F228} = {F1CAA4A4-0D03-4CD1-B507-5FEA4BA0FE98}
		{B26BAB6E-E8F3-42CA-B25B-5F4CEF6DAF29} = {F1CAA4A4-0D03-4CD1-B507-5FEA4BA0FE98}
		{6AB61FF7-41B0-4D3B-BFB8-E7368C510F28} = {F1CAA4A4-0D03-4CD1-B507-5FEA4BA0FE98}
		{C31799C3-8653-4366-8C52-8F625226EFCD} = {824707F8-3B63-490C-A736-64C320C898CA}
		{1DBE8B25-744F-4D3F-AAC1-35B6825517A1} = {824707F8-3B63-490C-A736-64C320C898CA}
		{7E51EF75-D212-411B-87E1-846767AD0A2B} = {824707F8-3B63-490C-A736-64C320C898CA}
		{7889091D-F4AB-48B0-AC91-162596495C2F} = {BC3AD0B7-9F1D-4191-8A49-B193E045BC05}
		{432A4293-D5A7-492F-852B-3098A24515EB} = {BC3AD0B7-9F1D-4191-8A49-B193E045BC05}
		{F55ED455-8964-4FD7-9E16-A2F729ED4E8B} = {BC3AD0B7-9F1D-4191-8A49-B193E045BC05}
		{5F609B24-EA65-4D27-A4F3-606A89938106} = {EF894DE0-34EA-470B-AB82-10D88DE76EB4}
		{A3609182-4E67-4199-8720-06A09B0575C2} = {EF894DE0-34EA-470B-AB82-10D88DE76EB4}
		{AC737B50-3703-4197-A1A4-0C9C9E21AD33} = {EF894DE0-34EA-470B-AB82-10D88DE76EB4}
		{484A2147-C4D4-4D3D-B32F-51CA1A352900} = {2AC51810-CC43-4096-B76A-7D7FFF73DA72}
		{5686A77D-42D5-4B26-B50B-2847195B63A6} = {2AC51810-CC43-4096-B76A-7D7FFF73DA72}
		{0D2B772A-1149-458B-B09E-C0209D8F156D} = {2AC51810-CC43-4096-B76A-7D7FFF73DA72}
	EndGlobalSection
	GlobalSection(ExtensibilityGlobals) = postSolution
		SolutionGuid = {CB56101C-E1E6-4454-9B90-C77B3B7F3FA4}
	EndGlobalSection
EndGlobal
