
Microsoft Visual Studio Solution File, Format Version 12.00
# Visual Studio Version 17
VisualStudioVersion = 17.14.36429.23
MinimumVisualStudioVersion = 10.0.40219.1
Project("{2150E333-8FDC-42A3-9474-1A3956D46DE8}") = "Task0", "Task0", "{02EA681E-C7D8-13C7-8484-4AC65E1B71E8}"
EndProject
Project("{FAE04EC0-301F-11D3-BF4B-00C04F79EFBC}") = "Tyuiu.ShaykhelislamovaDA.Sprint1.Task0.V28", "Tyuiu.ShaykhelislamovaDA.Sprint1.Task0.V28\Tyuiu.ShaykhelislamovaDA.Sprint1.Task0.V28.csproj", "{94F99856-C4CE-4610-ABBB-4C4BE0C342A5}"
EndProject
Project("{FAE04EC0-301F-11D3-BF4B-00C04F79EFBC}") = "Tyuiu.ShaykhelislamovaDA.Sprint1.Task0.V28.Test", "Tyuiu.ShaykhelislamovaDA.Sprint1.Task0.V28.Test\Tyuiu.ShaykhelislamovaDA.Sprint1.Task0.V28.Test.csproj", "{A83681A1-1125-413E-A3CF-4C2619DDF923}"
EndProject
Project("{FAE04EC0-301F-11D3-BF4B-00C04F79EFBC}") = "Tyuiu.ShaykhelislamovaDA.Sprint1.Task0.V28.Lib", "Tyuiu.ShaykhelislamovaDA.Sprint1.Task0.V28.Lib\Tyuiu.ShaykhelislamovaDA.Sprint1.Task0.V28.Lib.csproj", "{AF9D64B6-17D5-4D20-B68E-F57B1E4D5EB0}"
EndProject
Project("{2150E333-8FDC-42A3-9474-1A3956D46DE8}") = "Task1", "Task1", "{C5B38D9B-3B08-473F-90E6-1EC7AB0FA826}"
EndProject
Project("{FAE04EC0-301F-11D3-BF4B-00C04F79EFBC}") = "Tyuiu.ShaykhelislamovaDA.Sprint1.Task1.V20.Test", "Tyuiu.ShaykhelislamovaDA.Sprint1.Task1.V20.Test\Tyuiu.ShaykhelislamovaDA.Sprint1.Task1.V20.Test.csproj", "{4478498F-E9A2-4A64-BF6B-9B5CB7F655AB}"
EndProject
Project("{FAE04EC0-301F-11D3-BF4B-00C04F79EFBC}") = "Tyuiu.ShaykhelislamovaDA.Sprint1.Task1.V20.Lib", "Tyuiu.ShaykhelislamovaDA.Sprint1.Task1.V20.Lib\Tyuiu.ShaykhelislamovaDA.Sprint1.Task1.V20.Lib.csproj", "{575C4412-4C70-45F3-B088-89E03DE8C5F5}"
EndProject
Project("{FAE04EC0-301F-11D3-BF4B-00C04F79EFBC}") = "Tyuiu.ShaykhelislamovaDA.Sprint1.Task1.V20", "Tyuiu.ShaykhelislamovaDA.Sprint1.Task1.V20\Tyuiu.ShaykhelislamovaDA.Sprint1.Task1.V20.csproj", "{A5D0F734-1DC9-487B-8E4A-3A20B8B91857}"
EndProject
Project("{2150E333-8FDC-42A3-9474-1A3956D46DE8}") = "Task2", "Task2", "{081AB7E7-BCD4-4119-9BA7-21E5636F8C01}"
EndProject
Project("{FAE04EC0-301F-11D3-BF4B-00C04F79EFBC}") = "Tyuiu.ShaykhelislamovaDA.Sprint1.Task2.V7.Test", "Tyuiu.ShaykhelislamovaDA.Sprint1.Task2.V7.Test\Tyuiu.ShaykhelislamovaDA.Sprint1.Task2.V7.Test.csproj", "{06520C21-2D68-4F2E-AA11-DDF7D2829356}"
EndProject
Project("{FAE04EC0-301F-11D3-BF4B-00C04F79EFBC}") = "Tyuiu.ShaykhelislamovaDA.Sprint1.Task2.V7.Lib", "Tyuiu.ShaykhelislamovaDA.Sprint1.Task2.V7.Lib\Tyuiu.ShaykhelislamovaDA.Sprint1.Task2.V7.Lib.csproj", "{E50D3A2E-9BB8-4EED-BCAC-51B276349FBF}"
EndProject
Project("{FAE04EC0-301F-11D3-BF4B-00C04F79EFBC}") = "Tyuiu.ShaykhelislamovaDA.Sprint1.Task2.V7", "Tyuiu.ShaykhelislamovaDA.Sprint1.Task2.V7\Tyuiu.ShaykhelislamovaDA.Sprint1.Task2.V7.csproj", "{75798A06-2525-4FA9-9436-26AAA4A3526F}"
EndProject
Global
	GlobalSection(SolutionConfigurationPlatforms) = preSolution
		Debug|Any CPU = Debug|Any CPU
		Release|Any CPU = Release|Any CPU
	EndGlobalSection
	GlobalSection(ProjectConfigurationPlatforms) = postSolution
		{94F99856-C4CE-4610-ABBB-4C4BE0C342A5}.Debug|Any CPU.ActiveCfg = Debug|Any CPU
		{94F99856-C4CE-4610-ABBB-4C4BE0C342A5}.Debug|Any CPU.Build.0 = Debug|Any CPU
		{94F99856-C4CE-4610-ABBB-4C4BE0C342A5}.Release|Any CPU.ActiveCfg = Release|Any CPU
		{94F99856-C4CE-4610-ABBB-4C4BE0C342A5}.Release|Any CPU.Build.0 = Release|Any CPU
		{A83681A1-1125-413E-A3CF-4C2619DDF923}.Debug|Any CPU.ActiveCfg = Debug|Any CPU
		{A83681A1-1125-413E-A3CF-4C2619DDF923}.Debug|Any CPU.Build.0 = Debug|Any CPU
		{A83681A1-1125-413E-A3CF-4C2619DDF923}.Release|Any CPU.ActiveCfg = Release|Any CPU
		{A83681A1-1125-413E-A3CF-4C2619DDF923}.Release|Any CPU.Build.0 = Release|Any CPU
		{AF9D64B6-17D5-4D20-B68E-F57B1E4D5EB0}.Debug|Any CPU.ActiveCfg = Debug|Any CPU
		{AF9D64B6-17D5-4D20-B68E-F57B1E4D5EB0}.Debug|Any CPU.Build.0 = Debug|Any CPU
		{AF9D64B6-17D5-4D20-B68E-F57B1E4D5EB0}.Release|Any CPU.ActiveCfg = Release|Any CPU
		{AF9D64B6-17D5-4D20-B68E-F57B1E4D5EB0}.Release|Any CPU.Build.0 = Release|Any CPU
		{4478498F-E9A2-4A64-BF6B-9B5CB7F655AB}.Debug|Any CPU.ActiveCfg = Debug|Any CPU
		{4478498F-E9A2-4A64-BF6B-9B5CB7F655AB}.Debug|Any CPU.Build.0 = Debug|Any CPU
		{4478498F-E9A2-4A64-BF6B-9B5CB7F655AB}.Release|Any CPU.ActiveCfg = Release|Any CPU
		{4478498F-E9A2-4A64-BF6B-9B5CB7F655AB}.Release|Any CPU.Build.0 = Release|Any CPU
		{575C4412-4C70-45F3-B088-89E03DE8C5F5}.Debug|Any CPU.ActiveCfg = Debug|Any CPU
		{575C4412-4C70-45F3-B088-89E03DE8C5F5}.Debug|Any CPU.Build.0 = Debug|Any CPU
		{575C4412-4C70-45F3-B088-89E03DE8C5F5}.Release|Any CPU.ActiveCfg = Release|Any CPU
		{575C4412-4C70-45F3-B088-89E03DE8C5F5}.Release|Any CPU.Build.0 = Release|Any CPU
		{A5D0F734-1DC9-487B-8E4A-3A20B8B91857}.Debug|Any CPU.ActiveCfg = Debug|Any CPU
		{A5D0F734-1DC9-487B-8E4A-3A20B8B91857}.Debug|Any CPU.Build.0 = Debug|Any CPU
		{A5D0F734-1DC9-487B-8E4A-3A20B8B91857}.Release|Any CPU.ActiveCfg = Release|Any CPU
		{A5D0F734-1DC9-487B-8E4A-3A20B8B91857}.Release|Any CPU.Build.0 = Release|Any CPU
		{06520C21-2D68-4F2E-AA11-DDF7D2829356}.Debug|Any CPU.ActiveCfg = Debug|Any CPU
		{06520C21-2D68-4F2E-AA11-DDF7D2829356}.Debug|Any CPU.Build.0 = Debug|Any CPU
		{06520C21-2D68-4F2E-AA11-DDF7D2829356}.Release|Any CPU.ActiveCfg = Release|Any CPU
		{06520C21-2D68-4F2E-AA11-DDF7D2829356}.Release|Any CPU.Build.0 = Release|Any CPU
		{E50D3A2E-9BB8-4EED-BCAC-51B276349FBF}.Debug|Any CPU.ActiveCfg = Debug|Any CPU
		{E50D3A2E-9BB8-4EED-BCAC-51B276349FBF}.Debug|Any CPU.Build.0 = Debug|Any CPU
		{E50D3A2E-9BB8-4EED-BCAC-51B276349FBF}.Release|Any CPU.ActiveCfg = Release|Any CPU
		{E50D3A2E-9BB8-4EED-BCAC-51B276349FBF}.Release|Any CPU.Build.0 = Release|Any CPU
		{75798A06-2525-4FA9-9436-26AAA4A3526F}.Debug|Any CPU.ActiveCfg = Debug|Any CPU
		{75798A06-2525-4FA9-9436-26AAA4A3526F}.Debug|Any CPU.Build.0 = Debug|Any CPU
		{75798A06-2525-4FA9-9436-26AAA4A3526F}.Release|Any CPU.ActiveCfg = Release|Any CPU
		{75798A06-2525-4FA9-9436-26AAA4A3526F}.Release|Any CPU.Build.0 = Release|Any CPU
	EndGlobalSection
	GlobalSection(SolutionProperties) = preSolution
		HideSolutionNode = FALSE
	EndGlobalSection
	GlobalSection(NestedProjects) = preSolution
		{94F99856-C4CE-4610-ABBB-4C4BE0C342A5} = {02EA681E-C7D8-13C7-8484-4AC65E1B71E8}
		{A83681A1-1125-413E-A3CF-4C2619DDF923} = {02EA681E-C7D8-13C7-8484-4AC65E1B71E8}
		{AF9D64B6-17D5-4D20-B68E-F57B1E4D5EB0} = {02EA681E-C7D8-13C7-8484-4AC65E1B71E8}
		{4478498F-E9A2-4A64-BF6B-9B5CB7F655AB} = {C5B38D9B-3B08-473F-90E6-1EC7AB0FA826}
		{575C4412-4C70-45F3-B088-89E03DE8C5F5} = {C5B38D9B-3B08-473F-90E6-1EC7AB0FA826}
		{A5D0F734-1DC9-487B-8E4A-3A20B8B91857} = {C5B38D9B-3B08-473F-90E6-1EC7AB0FA826}
		{06520C21-2D68-4F2E-AA11-DDF7D2829356} = {081AB7E7-BCD4-4119-9BA7-21E5636F8C01}
		{E50D3A2E-9BB8-4EED-BCAC-51B276349FBF} = {081AB7E7-BCD4-4119-9BA7-21E5636F8C01}
		{75798A06-2525-4FA9-9436-26AAA4A3526F} = {081AB7E7-BCD4-4119-9BA7-21E5636F8C01}
	EndGlobalSection
	GlobalSection(ExtensibilityGlobals) = postSolution
		SolutionGuid = {CB56101C-E1E6-4454-9B90-C77B3B7F3FA4}
	EndGlobalSection
EndGlobal
